
Microsoft Visual Studio Solution File, Format Version 12.00
# Visual Studio 15
VisualStudioVersion = 15.0.27428.2037
MinimumVisualStudioVersion = 10.0.40219.1
Project("{9A19103F-16F7-4668-BE54-9A1E7A4F7556}") = "DotVVM.Adapters.WebForms", "DotVVM.Adapters.WebForms\DotVVM.Adapters.WebForms.csproj", "{6A3C400F-8BD9-48BB-8EA9-ABBA616CEDB8}"
EndProject
Project("{9A19103F-16F7-4668-BE54-9A1E7A4F7556}") = "DotVVM.Core", "..\..\dotvvm\src\DotVVM.Core\DotVVM.Core.csproj", "{A594656D-C588-4E48-9034-65C2959C76F5}"
EndProject
Project("{9A19103F-16F7-4668-BE54-9A1E7A4F7556}") = "DotVVM.Framework", "..\..\dotvvm\src\DotVVM.Framework\DotVVM.Framework.csproj", "{02E0AC93-9DBB-4962-B7A8-133054FF0099}"
EndProject
Project("{9A19103F-16F7-4668-BE54-9A1E7A4F7556}") = "DotVVM.Framework.Hosting.Owin", "..\..\dotvvm\src\DotVVM.Framework.Hosting.Owin\DotVVM.Framework.Hosting.Owin.csproj", "{09A2CFA6-AFA7-474A-A69A-1BDE88DB5E93}"
EndProject
Project("{2150E333-8FDC-42A3-9474-1A3956D46DE8}") = "Library", "Library", "{01E21724-5FA8-4514-84ED-E7F68F14EC5F}"
EndProject
Project("{2150E333-8FDC-42A3-9474-1A3956D46DE8}") = "DotVVM", "DotVVM", "{B930EE36-2FB0-4B62-9910-8BE96C9A9C6F}"
EndProject
Project("{2150E333-8FDC-42A3-9474-1A3956D46DE8}") = "Tests", "Tests", "{50833978-DB7E-4DB0-AC9E-FEF93DEE16E6}"
EndProject
Project("{FAE04EC0-301F-11D3-BF4B-00C04F79EFBC}") = "TestSamples", "TestSamples\TestSamples.csproj", "{64EC030F-BAB5-4E66-BDE6-C770DBA9366B}"
EndProject
Project("{FAE04EC0-301F-11D3-BF4B-00C04F79EFBC}") = "TestSamples.UITests", "TestSamples.UITests\TestSamples.UITests.csproj", "{74C546FE-4B0C-4849-9358-2DFB3C62D28C}"
EndProject
Global
	GlobalSection(SolutionConfigurationPlatforms) = preSolution
		Debug|Any CPU = Debug|Any CPU
		Release|Any CPU = Release|Any CPU
	EndGlobalSection
	GlobalSection(ProjectConfigurationPlatforms) = postSolution
		{6A3C400F-8BD9-48BB-8EA9-ABBA616CEDB8}.Debug|Any CPU.ActiveCfg = Debug|Any CPU
		{6A3C400F-8BD9-48BB-8EA9-ABBA616CEDB8}.Debug|Any CPU.Build.0 = Debug|Any CPU
		{6A3C400F-8BD9-48BB-8EA9-ABBA616CEDB8}.Release|Any CPU.ActiveCfg = Release|Any CPU
		{6A3C400F-8BD9-48BB-8EA9-ABBA616CEDB8}.Release|Any CPU.Build.0 = Release|Any CPU
		{A594656D-C588-4E48-9034-65C2959C76F5}.Debug|Any CPU.ActiveCfg = Debug|Any CPU
		{A594656D-C588-4E48-9034-65C2959C76F5}.Debug|Any CPU.Build.0 = Debug|Any CPU
		{A594656D-C588-4E48-9034-65C2959C76F5}.Release|Any CPU.ActiveCfg = Release|Any CPU
		{A594656D-C588-4E48-9034-65C2959C76F5}.Release|Any CPU.Build.0 = Release|Any CPU
		{02E0AC93-9DBB-4962-B7A8-133054FF0099}.Debug|Any CPU.ActiveCfg = Debug|Any CPU
		{02E0AC93-9DBB-4962-B7A8-133054FF0099}.Debug|Any CPU.Build.0 = Debug|Any CPU
		{02E0AC93-9DBB-4962-B7A8-133054FF0099}.Release|Any CPU.ActiveCfg = Release|Any CPU
		{02E0AC93-9DBB-4962-B7A8-133054FF0099}.Release|Any CPU.Build.0 = Release|Any CPU
		{09A2CFA6-AFA7-474A-A69A-1BDE88DB5E93}.Debug|Any CPU.ActiveCfg = Debug|Any CPU
		{09A2CFA6-AFA7-474A-A69A-1BDE88DB5E93}.Debug|Any CPU.Build.0 = Debug|Any CPU
		{09A2CFA6-AFA7-474A-A69A-1BDE88DB5E93}.Release|Any CPU.ActiveCfg = Release|Any CPU
		{09A2CFA6-AFA7-474A-A69A-1BDE88DB5E93}.Release|Any CPU.Build.0 = Release|Any CPU
		{64EC030F-BAB5-4E66-BDE6-C770DBA9366B}.Debug|Any CPU.ActiveCfg = Debug|Any CPU
		{64EC030F-BAB5-4E66-BDE6-C770DBA9366B}.Debug|Any CPU.Build.0 = Debug|Any CPU
		{64EC030F-BAB5-4E66-BDE6-C770DBA9366B}.Release|Any CPU.ActiveCfg = Release|Any CPU
		{64EC030F-BAB5-4E66-BDE6-C770DBA9366B}.Release|Any CPU.Build.0 = Release|Any CPU
		{74C546FE-4B0C-4849-9358-2DFB3C62D28C}.Debug|Any CPU.ActiveCfg = Debug|Any CPU
		{74C546FE-4B0C-4849-9358-2DFB3C62D28C}.Debug|Any CPU.Build.0 = Debug|Any CPU
		{74C546FE-4B0C-4849-9358-2DFB3C62D28C}.Release|Any CPU.ActiveCfg = Release|Any CPU
		{74C546FE-4B0C-4849-9358-2DFB3C62D28C}.Release|Any CPU.Build.0 = Release|Any CPU
	EndGlobalSection
	GlobalSection(SolutionProperties) = preSolution
		HideSolutionNode = FALSE
	EndGlobalSection
	GlobalSection(NestedProjects) = preSolution
		{6A3C400F-8BD9-48BB-8EA9-ABBA616CEDB8} = {01E21724-5FA8-4514-84ED-E7F68F14EC5F}
		{A594656D-C588-4E48-9034-65C2959C76F5} = {B930EE36-2FB0-4B62-9910-8BE96C9A9C6F}
		{02E0AC93-9DBB-4962-B7A8-133054FF0099} = {B930EE36-2FB0-4B62-9910-8BE96C9A9C6F}
		{09A2CFA6-AFA7-474A-A69A-1BDE88DB5E93} = {B930EE36-2FB0-4B62-9910-8BE96C9A9C6F}
		{64EC030F-BAB5-4E66-BDE6-C770DBA9366B} = {50833978-DB7E-4DB0-AC9E-FEF93DEE16E6}
		{74C546FE-4B0C-4849-9358-2DFB3C62D28C} = {50833978-DB7E-4DB0-AC9E-FEF93DEE16E6}
	EndGlobalSection
	GlobalSection(ExtensibilityGlobals) = postSolution
		SolutionGuid = {A214C81C-45BA-4903-A4E1-708A8C531A89}
	EndGlobalSection
EndGlobal
